PODS:
  - Alamofire (4.8.2)
  - HandyJSON (5.0.0-beta.1)
  - Moya (13.0.0):
    - Moya/Core (= 13.0.0)
  - Moya/Core (13.0.0):
    - Alamofire (~> 4.1)
    - Result (~> 4.1)
  - Result (4.1.0)
  - Starscream (4.0.0)

DEPENDENCIES:
  - HandyJSON (~> 5.0.0-beta.1)
  - Moya (~> 13.0.0)
  - Starscream (~> 4.0.0)

SPEC REPOS:
  https://github.com/CocoaPods/Specs.git:
    - Alamofire
    - HandyJSON
    - Moya
    - Result
  trunk:
    - Starscream

SPEC CHECKSUMS:
  Alamofire: ae5c501addb7afdbb13687d7f2f722c78734c2d3
  HandyJSON: 582477127ab3ab65bd2e471815f1a7b846856978
  Moya: 161263550064ff8a4948e8ff63137fd72a876292
  Result: bd966fac789cc6c1563440b348ab2598cc24d5c7
  Starscream: 04b26f02727e10a002e6b5d21b188ba0d049910b

PODFILE CHECKSUM: 1755f3ff6f01d11da584f5699bbbb0593eefda89

COCOAPODS: 1.9.1
